{
  "name": "deploy-builder",
  "version": "0.0.1",
  "lockfileVersion": 1,
  "requires": true,
  "dependencies": {
    "@types/node": {
      "version": "11.15.7",
      "resolved": "https://registry.npmjs.org/@types/node/-/node-11.15.7.tgz",
      "integrity": "sha512-3c3Kc7VIdE5UpqpmztRy7FU+turZgIurGnwpGFy/fRFOirfPc7ZnoFL83qVoqEDENJENqDhtGyQZ5fkXNQ6Qkw==",
      "dev": true
    }
  }
}
